
Microsoft Visual Studio Solution File, Format Version 12.00
# Visual Studio Version 16
VisualStudioVersion = 16.0.30204.135
MinimumVisualStudioVersion = 10.0.40219.1
Project("{FAE04EC0-301F-11D3-BF4B-00C04F79EFBC}") = "Zadanie6", "Zadanie6\Zadanie6.csproj", "{A368601B-2381-4DC2-AC5C-02EDF70C109A}"
EndProject
Project("{FAE04EC0-301F-11D3-BF4B-00C04F79EFBC}") = "Zadanie10", "Zadanie10\Zadanie10.csproj", "{922434EE-CCE8-4C72-9F53-626F2BAC90F3}"
EndProject
Project("{FAE04EC0-301F-11D3-BF4B-00C04F79EFBC}") = "Zadanie11", "Zadanie11\Zadanie11.csproj", "{806A065A-0131-48C1-AB29-04423913E408}"
EndProject
Project("{FAE04EC0-301F-11D3-BF4B-00C04F79EFBC}") = "Zadanie12", "Zadanie12\Zadanie12.csproj", "{791DE8BC-AE95-4528-A303-0A9721D6BFCB}"
EndProject
Project("{FAE04EC0-301F-11D3-BF4B-00C04F79EFBC}") = "Wyszukiwarka", "Wyszukiwarka\Wyszukiwarka.csproj", "{AA74E3A2-8694-4318-9AE4-5C2B85D32C35}"
EndProject
Project("{FAE04EC0-301F-11D3-BF4B-00C04F79EFBC}") = "Tablice1", "Tablice1\Tablice1.csproj", "{7DD70763-A816-4511-A0DD-D1CD099A49EC}"
EndProject
Global
	GlobalSection(SolutionConfigurationPlatforms) = preSolution
		Debug|Any CPU = Debug|Any CPU
		Release|Any CPU = Release|Any CPU
	EndGlobalSection
	GlobalSection(ProjectConfigurationPlatforms) = postSolution
		{A368601B-2381-4DC2-AC5C-02EDF70C109A}.Debug|Any CPU.ActiveCfg = Debug|Any CPU
		{A368601B-2381-4DC2-AC5C-02EDF70C109A}.Debug|Any CPU.Build.0 = Debug|Any CPU
		{A368601B-2381-4DC2-AC5C-02EDF70C109A}.Release|Any CPU.ActiveCfg = Release|Any CPU
		{A368601B-2381-4DC2-AC5C-02EDF70C109A}.Release|Any CPU.Build.0 = Release|Any CPU
		{922434EE-CCE8-4C72-9F53-626F2BAC90F3}.Debug|Any CPU.ActiveCfg = Debug|Any CPU
		{922434EE-CCE8-4C72-9F53-626F2BAC90F3}.Debug|Any CPU.Build.0 = Debug|Any CPU
		{922434EE-CCE8-4C72-9F53-626F2BAC90F3}.Release|Any CPU.ActiveCfg = Release|Any CPU
		{922434EE-CCE8-4C72-9F53-626F2BAC90F3}.Release|Any CPU.Build.0 = Release|Any CPU
		{806A065A-0131-48C1-AB29-04423913E408}.Debug|Any CPU.ActiveCfg = Debug|Any CPU
		{806A065A-0131-48C1-AB29-04423913E408}.Debug|Any CPU.Build.0 = Debug|Any CPU
		{806A065A-0131-48C1-AB29-04423913E408}.Release|Any CPU.ActiveCfg = Release|Any CPU
		{806A065A-0131-48C1-AB29-04423913E408}.Release|Any CPU.Build.0 = Release|Any CPU
		{791DE8BC-AE95-4528-A303-0A9721D6BFCB}.Debug|Any CPU.ActiveCfg = Debug|Any CPU
		{791DE8BC-AE95-4528-A303-0A9721D6BFCB}.Debug|Any CPU.Build.0 = Debug|Any CPU
		{791DE8BC-AE95-4528-A303-0A9721D6BFCB}.Release|Any CPU.ActiveCfg = Release|Any CPU
		{791DE8BC-AE95-4528-A303-0A9721D6BFCB}.Release|Any CPU.Build.0 = Release|Any CPU
		{AA74E3A2-8694-4318-9AE4-5C2B85D32C35}.Debug|Any CPU.ActiveCfg = Debug|Any CPU
		{AA74E3A2-8694-4318-9AE4-5C2B85D32C35}.Debug|Any CPU.Build.0 = Debug|Any CPU
		{AA74E3A2-8694-4318-9AE4-5C2B85D32C35}.Release|Any CPU.ActiveCfg = Release|Any CPU
		{AA74E3A2-8694-4318-9AE4-5C2B85D32C35}.Release|Any CPU.Build.0 = Release|Any CPU
		{7DD70763-A816-4511-A0DD-D1CD099A49EC}.Debug|Any CPU.ActiveCfg = Debug|Any CPU
		{7DD70763-A816-4511-A0DD-D1CD099A49EC}.Debug|Any CPU.Build.0 = Debug|Any CPU
		{7DD70763-A816-4511-A0DD-D1CD099A49EC}.Release|Any CPU.ActiveCfg = Release|Any CPU
		{7DD70763-A816-4511-A0DD-D1CD099A49EC}.Release|Any CPU.Build.0 = Release|Any CPU
	EndGlobalSection
	GlobalSection(SolutionProperties) = preSolution
		HideSolutionNode = FALSE
	EndGlobalSection
	GlobalSection(ExtensibilityGlobals) = postSolution
		SolutionGuid = {FCAD426C-09C2-4136-9033-D5994A702870}
	EndGlobalSection
EndGlobal
